// !$*UTF8*$!
{
	archiveVersion = 1;
	classes = {
	};
	objectVersion = 50;
	objects = {

/* Begin PBXBuildFile section */
		18D26C4026045D3900719830 /* Tests_iOS.swift in Sources */ = {isa = PBXBuildFile; fileRef = 18D26C3F26045D3900719830 /* Tests_iOS.swift */; };
		18D26C4B26045D3900719830 /* Tests_macOS.swift in Sources */ = {isa = PBXBuildFile; fileRef = 18D26C4A26045D3900719830 /* Tests_macOS.swift */; };
		18D26C4D26045D3900719830 /* Word_ScrambleApp.swift in Sources */ = {isa = PBXBuildFile; fileRef = 18D26C2426045D3800719830 /* Word_ScrambleApp.swift */; };
		18D26C4E26045D3900719830 /* Word_ScrambleApp.swift in Sources */ = {isa = PBXBuildFile; fileRef = 18D26C2426045D3800719830 /* Word_ScrambleApp.swift */; };
		18D26C4F26045D3900719830 /* ContentView.swift in Sources */ = {isa = PBXBuildFile; fileRef = 18D26C2526045D3800719830 /* ContentView.swift */; };
		18D26C5026045D3900719830 /* ContentView.swift in Sources */ = {isa = PBXBuildFile; fileRef = 18D26C2526045D3800719830 /* ContentView.swift */; };
		18D26C5126045D3900719830 /* Assets.xcassets in Resources */ = {isa = PBXBuildFile; fileRef = 18D26C2626045D3900719830 /* Assets.xcassets */; };
		18D26C5226045D3900719830 /* Assets.xcassets in Resources */ = {isa = PBXBuildFile; fileRef = 18D26C2626045D3900719830 /* Assets.xcassets */; };
/* End PBXBuildFile section */

/* Begin PBXContainerItemProxy section */
		18D26C3C26045D3900719830 /* PBXContainerItemProxy */ = {
			isa = PBXContainerItemProxy;
			containerPortal = 18D26C1F26045D3800719830 /* Project object */;
			proxyType = 1;
			remoteGlobalIDString = 18D26C2A26045D3900719830;
			remoteInfo = "Word Scramble (iOS)";
		};
		18D26C4726045D3900719830 /* PBXContainerItemProxy */ = {
			isa = PBXContainerItemProxy;
			containerPortal = 18D26C1F26045D3800719830 /* Project object */;
			proxyType = 1;
			remoteGlobalIDString = 18D26C3226045D3900719830;
			remoteInfo = "Word Scramble (macOS)";
		};
/* End PBXContainerItemProxy section */

/* Begin PBXFileReference section */
		18D26C2426045D3800719830 /* Word_ScrambleApp.swift */ = {isa = PBXFileReference; lastKnownFileType = sourcecode.swift; path = Word_ScrambleApp.swift; sourceTree = "<group>"; };
		18D26C2526045D3800719830 /* ContentView.swift */ = {isa = PBXFileReference; lastKnownFileType = sourcecode.swift; path = ContentView.swift; sourceTree = "<group>"; };
		18D26C2626045D3900719830 /* Assets.xcassets */ = {isa = PBXFileReference; lastKnownFileType = folder.assetcatalog; path = Assets.xcassets; sourceTree = "<group>"; };
		18D26C2B26045D3900719830 /* Word Scramble.app */ = {isa = PBXFileReference; explicitFileType = wrapper.application; includeInIndex = 0; path = "Word Scramble.app"; sourceTree = BUILT_PRODUCTS_DIR; };
		18D26C2E26045D3900719830 /* Info.plist */ = {isa = PBXFileReference; lastKnownFileType = text.plist.xml; path = Info.plist; sourceTree = "<group>"; };
		18D26C3326045D3900719830 /* Word Scramble.app */ = {isa = PBXFileReference; explicitFileType = wrapper.application; includeInIndex = 0; path = "Word Scramble.app"; sourceTree = BUILT_PRODUCTS_DIR; };
		18D26C3526045D3900719830 /* Info.plist */ = {isa = PBXFileReference; lastKnownFileType = text.plist.xml; path = Info.plist; sourceTree = "<group>"; };
		18D26C3626045D3900719830 /* macOS.entitlements */ = {isa = PBXFileReference; lastKnownFileType = text.plist.entitlements; path = macOS.entitlements; sourceTree = "<group>"; };
		18D26C3B26045D3900719830 /* Tests iOS.xctest */ = {isa = PBXFileReference; explicitFileType = wrapper.cfbundle; includeInIndex = 0; path = "Tests iOS.xctest"; sourceTree = BUILT_PRODUCTS_DIR; };
		18D26C3F26045D3900719830 /* Tests_iOS.swift */ = {isa = PBXFileReference; lastKnownFileType = sourcecode.swift; path = Tests_iOS.swift; sourceTree = "<group>"; };
		18D26C4126045D3900719830 /* Info.plist */ = {isa = PBXFileReference; lastKnownFileType = text.plist.xml; path = Info.plist; sourceTree = "<group>"; };
		18D26C4626045D3900719830 /* Tests macOS.xctest */ = {isa = PBXFileReference; explicitFileType = wrapper.cfbundle; includeInIndex = 0; path = "Tests macOS.xctest"; sourceTree = BUILT_PRODUCTS_DIR; };
		18D26C4A26045D3900719830 /* Tests_macOS.swift */ = {isa = PBXFileReference; lastKnownFileType = sourcecode.swift; path = Tests_macOS.swift; sourceTree = "<group>"; };
		18D26C4C26045D3900719830 /* Info.plist */ = {isa = PBXFileReference; lastKnownFileType = text.plist.xml; path = Info.plist; sourceTree = "<group>"; };
/* End PBXFileReference section */

/* Begin PBXFrameworksBuildPhase section */
		18D26C2826045D3900719830 /* Frameworks */ = {
			isa = PBXFrameworksBuildPhase;
			buildActionMask = 2147483647;
			files = (
			);
			runOnlyForDeploymentPostprocessing = 0;
		};
		18D26C3026045D3900719830 /* Frameworks */ = {
			isa = PBXFrameworksBuildPhase;
			buildActionMask = 2147483647;
			files = (
			);
			runOnlyForDeploymentPostprocessing = 0;
		};
		18D26C3826045D3900719830 /* Frameworks */ = {
			isa = PBXFrameworksBuildPhase;
			buildActionMask = 2147483647;
			files = (
			);
			runOnlyForDeploymentPostprocessing = 0;
		};
		18D26C4326045D3900719830 /* Frameworks */ = {
			isa = PBXFrameworksBuildPhase;
			buildActionMask = 2147483647;
			files = (
			);
			runOnlyForDeploymentPostprocessing = 0;
		};
/* End PBXFrameworksBuildPhase section */

/* Begin PBXGroup section */
		18D26C1E26045D3800719830 = {
			isa = PBXGroup;
			children = (
				18D26C2326045D3800719830 /* Shared */,
				18D26C2D26045D3900719830 /* iOS */,
				18D26C3426045D3900719830 /* macOS */,
				18D26C3E26045D3900719830 /* Tests iOS */,
				18D26C4926045D3900719830 /* Tests macOS */,
				18D26C2C26045D3900719830 /* Products */,
			);
			sourceTree = "<group>";
		};
		18D26C2326045D3800719830 /* Shared */ = {
			isa = PBXGroup;
			children = (
				18D26C2426045D3800719830 /* Word_ScrambleApp.swift */,
				18D26C2526045D3800719830 /* ContentView.swift */,
				18D26C2626045D3900719830 /* Assets.xcassets */,
			);
			path = Shared;
			sourceTree = "<group>";
		};
		18D26C2C26045D3900719830 /* Products */ = {
			isa = PBXGroup;
			children = (
				18D26C2B26045D3900719830 /* Word Scramble.app */,
				18D26C3326045D3900719830 /* Word Scramble.app */,
				18D26C3B26045D3900719830 /* Tests iOS.xctest */,
				18D26C4626045D3900719830 /* Tests macOS.xctest */,
			);
			name = Products;
			sourceTree = "<group>";
		};
		18D26C2D26045D3900719830 /* iOS */ = {
			isa = PBXGroup;
			children = (
				18D26C2E26045D3900719830 /* Info.plist */,
			);
			path = iOS;
			sourceTree = "<group>";
		};
		18D26C3426045D3900719830 /* macOS */ = {
			isa = PBXGroup;
			children = (
				18D26C3526045D3900719830 /* Info.plist */,
				18D26C3626045D3900719830 /* macOS.entitlements */,
			);
			path = macOS;
			sourceTree = "<group>";
		};
		18D26C3E26045D3900719830 /* Tests iOS */ = {
			isa = PBXGroup;
			children = (
				18D26C3F26045D3900719830 /* Tests_iOS.swift */,
				18D26C4126045D3900719830 /* Info.plist */,
			);
			path = "Tests iOS";
			sourceTree = "<group>";
		};
		18D26C4926045D3900719830 /* Tests macOS */ = {
			isa = PBXGroup;
			children = (
				18D26C4A26045D3900719830 /* Tests_macOS.swift */,
				18D26C4C26045D3900719830 /* Info.plist */,
			);
			path = "Tests macOS";
			sourceTree = "<group>";
		};
/* End PBXGroup section */

/* Begin PBXNativeTarget section */
		18D26C2A26045D3900719830 /* Word Scramble (iOS) */ = {
			isa = PBXNativeTarget;
			buildConfigurationList = 18D26C5526045D3900719830 /* Build configuration list for PBXNativeTarget "Word Scramble (iOS)" */;
			buildPhases = (
				18D26C2726045D3900719830 /* Sources */,
				18D26C2826045D3900719830 /* Frameworks */,
				18D26C2926045D3900719830 /* Resources */,
			);
			buildRules = (
			);
			dependencies = (
			);
			name = "Word Scramble (iOS)";
			productName = "Word Scramble (iOS)";
			productReference = 18D26C2B26045D3900719830 /* Word Scramble.app */;
			productType = "com.apple.product-type.application";
		};
		18D26C3226045D3900719830 /* Word Scramble (macOS) */ = {
			isa = PBXNativeTarget;
			buildConfigurationList = 18D26C5826045D3900719830 /* Build configuration list for PBXNativeTarget "Word Scramble (macOS)" */;
			buildPhases = (
				18D26C2F26045D3900719830 /* Sources */,
				18D26C3026045D3900719830 /* Frameworks */,
				18D26C3126045D3900719830 /* Resources */,
			);
			buildRules = (
			);
			dependencies = (
			);
			name = "Word Scramble (macOS)";
			productName = "Word Scramble (macOS)";
			productReference = 18D26C3326045D3900719830 /* Word Scramble.app */;
			productType = "com.apple.product-type.application";
		};
		18D26C3A26045D3900719830 /* Tests iOS */ = {
			isa = PBXNativeTarget;
			buildConfigurationList = 18D26C5B26045D3900719830 /* Build configuration list for PBXNativeTarget "Tests iOS" */;
			buildPhases = (
				18D26C3726045D3900719830 /* Sources */,
				18D26C3826045D3900719830 /* Frameworks */,
				18D26C3926045D3900719830 /* Resources */,
			);
			buildRules = (
			);
			dependencies = (
				18D26C3D26045D3900719830 /* PBXTargetDependency */,
			);
			name = "Tests iOS";
			productName = "Tests iOS";
			productReference = 18D26C3B26045D3900719830 /* Tests iOS.xctest */;
			productType = "com.apple.product-type.bundle.ui-testing";
		};
		18D26C4526045D3900719830 /* Tests macOS */ = {
			isa = PBXNativeTarget;
			buildConfigurationList = 18D26C5E26045D3900719830 /* Build configuration list for PBXNativeTarget "Tests macOS" */;
			buildPhases = (
				18D26C4226045D3900719830 /* Sources */,
				18D26C4326045D3900719830 /* Frameworks */,
				18D26C4426045D3900719830 /* Resources */,
			);
			buildRules = (
			);
			dependencies = (
				18D26C4826045D3900719830 /* PBXTargetDependency */,
			);
			name = "Tests macOS";
			productName = "Tests macOS";
			productReference = 18D26C4626045D3900719830 /* Tests macOS.xctest */;
			productType = "com.apple.product-type.bundle.ui-testing";
		};
/* End PBXNativeTarget section */

/* Begin PBXProject section */
		18D26C1F26045D3800719830 /* Project object */ = {
			isa = PBXProject;
			attributes = {
				LastSwiftUpdateCheck = 1240;
				LastUpgradeCheck = 1240;
				TargetAttributes = {
					18D26C2A26045D3900719830 = {
						CreatedOnToolsVersion = 12.4;
					};
					18D26C3226045D3900719830 = {
						CreatedOnToolsVersion = 12.4;
					};
					18D26C3A26045D3900719830 = {
						CreatedOnToolsVersion = 12.4;
						TestTargetID = 18D26C2A26045D3900719830;
					};
					18D26C4526045D3900719830 = {
						CreatedOnToolsVersion = 12.4;
						TestTargetID = 18D26C3226045D3900719830;
					};
				};
			};
			buildConfigurationList = 18D26C2226045D3800719830 /* Build configuration list for PBXProject "Word Scramble" */;
			compatibilityVersion = "Xcode 9.3";
			developmentRegion = en;
			hasScannedForEncodings = 0;
			knownRegions = (
				en,
				Base,
			);
			mainGroup = 18D26C1E26045D3800719830;
			productRefGroup = 18D26C2C26045D3900719830 /* Products */;
			projectDirPath = "";
			projectRoot = "";
			targets = (
				18D26C2A26045D3900719830 /* Word Scramble (iOS) */,
				18D26C3226045D3900719830 /* Word Scramble (macOS) */,
				18D26C3A26045D3900719830 /* Tests iOS */,
				18D26C4526045D3900719830 /* Tests macOS */,
			);
		};
/* End PBXProject section */

/* Begin PBXResourcesBuildPhase section */
		18D26C2926045D3900719830 /* Resources */ = {
			isa = PBXResourcesBuildPhase;
			buildActionMask = 2147483647;
			files = (
				18D26C5126045D3900719830 /* Assets.xcassets in Resources */,
			);
			runOnlyForDeploymentPostprocessing = 0;
		};
		18D26C3126045D3900719830 /* Resources */ = {
			isa = PBXResourcesBuildPhase;
			buildActionMask = 2147483647;
			files = (
				18D26C5226045D3900719830 /* Assets.xcassets in Resources */,
			);
			runOnlyForDeploymentPostprocessing = 0;
		};
		18D26C3926045D3900719830 /* Resources */ = {
			isa = PBXResourcesBuildPhase;
			buildActionMask = 2147483647;
			files = (
			);
			runOnlyForDeploymentPostprocessing = 0;
		};
		18D26C4426045D3900719830 /* Resources */ = {
			isa = PBXResourcesBuildPhase;
			buildActionMask = 2147483647;
			files = (
			);
			runOnlyForDeploymentPostprocessing = 0;
		};
/* End PBXResourcesBuildPhase section */

/* Begin PBXSourcesBuildPhase section */
		18D26C2726045D3900719830 /* Sources */ = {
			isa = PBXSourcesBuildPhase;
			buildActionMask = 2147483647;
			files = (
				18D26C4F26045D3900719830 /* ContentView.swift in Sources */,
				18D26C4D26045D3900719830 /* Word_ScrambleApp.swift in Sources */,
			);
			runOnlyForDeploymentPostprocessing = 0;
		};
		18D26C2F26045D3900719830 /* Sources */ = {
			isa = PBXSourcesBuildPhase;
			buildActionMask = 2147483647;
			files = (
				18D26C5026045D3900719830 /* ContentView.swift in Sources */,
				18D26C4E26045D3900719830 /* Word_ScrambleApp.swift in Sources */,
			);
			runOnlyForDeploymentPostprocessing = 0;
		};
		18D26C3726045D3900719830 /* Sources */ = {
			isa = PBXSourcesBuildPhase;
			buildActionMask = 2147483647;
			files = (
				18D26C4026045D3900719830 /* Tests_iOS.swift in Sources */,
			);
			runOnlyForDeploymentPostprocessing = 0;
		};
		18D26C4226045D3900719830 /* Sources */ = {
			isa = PBXSourcesBuildPhase;
			buildActionMask = 2147483647;
			files = (
				18D26C4B26045D3900719830 /* Tests_macOS.swift in Sources */,
			);
			runOnlyForDeploymentPostprocessing = 0;
		};
/* End PBXSourcesBuildPhase section */

/* Begin PBXTargetDependency section */
		18D26C3D26045D3900719830 /* PBXTargetDependency */ = {
			isa = PBXTargetDependency;
			target = 18D26C2A26045D3900719830 /* Word Scramble (iOS) */;
			targetProxy = 18D26C3C26045D3900719830 /* PBXContainerItemProxy */;
		};
		18D26C4826045D3900719830 /* PBXTargetDependency */ = {
			isa = PBXTargetDependency;
			target = 18D26C3226045D3900719830 /* Word Scramble (macOS) */;
			targetProxy = 18D26C4726045D3900719830 /* PBXContainerItemProxy */;
		};
/* End PBXTargetDependency section */

/* Begin XCBuildConfiguration section */
		18D26C5326045D3900719830 /* Debug */ = {
			isa = XCBuildConfiguration;
			buildSettings = {
				ALWAYS_SEARCH_USER_PATHS = NO;
				CLANG_ANALYZER_NONNULL = YES;
				CLANG_ANALYZER_NUMBER_OBJECT_CONVERSION = YES_AGGRESSIVE;
				CLANG_CXX_LANGUAGE_STANDARD = "gnu++14";
				CLANG_CXX_LIBRARY = "libc++";
				CLANG_ENABLE_MODULES = YES;
				CLANG_ENABLE_OBJC_ARC = YES;
				CLANG_ENABLE_OBJC_WEAK = YES;
				CLANG_WARN_BLOCK_CAPTURE_AUTORELEASING = YES;
				CLANG_WARN_BOOL_CONVERSION = YES;
				CLANG_WARN_COMMA = YES;
				CLANG_WARN_CONSTANT_CONVERSION = YES;
				CLANG_WARN_DEPRECATED_OBJC_IMPLEMENTATIONS = YES;
				CLANG_WARN_DIRECT_OBJC_ISA_USAGE = YES_ERROR;
				CLANG_WARN_DOCUMENTATION_COMMENTS = YES;
				CLANG_WARN_EMPTY_BODY = YES;
				CLANG_WARN_ENUM_CONVERSION = YES;
				CLANG_WARN_INFINITE_RECURSION = YES;
				CLANG_WARN_INT_CONVERSION = YES;
				CLANG_WARN_NON_LITERAL_NULL_CONVERSION = YES;
				CLANG_WARN_OBJC_IMPLICIT_RETAIN_SELF = YES;
				CLANG_WARN_OBJC_LITERAL_CONVERSION = YES;
				CLANG_WARN_OBJC_ROOT_CLASS = YES_ERROR;
				CLANG_WARN_QUOTED_INCLUDE_IN_FRAMEWORK_HEADER = YES;
				CLANG_WARN_RANGE_LOOP_ANALYSIS = YES;
				CLANG_WARN_STRICT_PROTOTYPES = YES;
				CLANG_WARN_SUSPICIOUS_MOVE = YES;
				CLANG_WARN_UNGUARDED_AVAILABILITY = YES_AGGRESSIVE;
				CLANG_WARN_UNREACHABLE_CODE = YES;
				CLANG_WARN__DUPLICATE_METHOD_MATCH = YES;
				COPY_PHASE_STRIP = NO;
				DEBUG_INFORMATION_FORMAT = dwarf;
				ENABLE_STRICT_OBJC_MSGSEND = YES;
				ENABLE_TESTABILITY = YES;
				GCC_C_LANGUAGE_STANDARD = gnu11;
				GCC_DYNAMIC_NO_PIC = NO;
				GCC_NO_COMMON_BLOCKS = YES;
				GCC_OPTIMIZATION_LEVEL = 0;
				GCC_PREPROCESSOR_DEFINITIONS = (
					"DEBUG=1",
					"$(inherited)",
				);
				GCC_WARN_64_TO_32_BIT_CONVERSION = YES;
				GCC_WARN_ABOUT_RETURN_TYPE = YES_ERROR;
				GCC_WARN_UNDECLARED_SELECTOR = YES;
				GCC_WARN_UNINITIALIZED_AUTOS = YES_AGGRESSIVE;
				GCC_WARN_UNUSED_FUNCTION = YES;
				GCC_WARN_UNUSED_VARIABLE = YES;
				MTL_ENABLE_DEBUG_INFO = INCLUDE_SOURCE;
				MTL_FAST_MATH = YES;
				ONLY_ACTIVE_ARCH = YES;
				SWIFT_ACTIVE_COMPILATION_CONDITIONS = DEBUG;
				SWIFT_OPTIMIZATION_LEVEL = "-Onone";
			};
			name = Debug;
		};
		18D26C5426045D3900719830 /* Release */ = {
			isa = XCBuildConfiguration;
			buildSettings = {
				ALWAYS_SEARCH_USER_PATHS = NO;
				CLANG_ANALYZER_NONNULL = YES;
				CLANG_ANALYZER_NUMBER_OBJECT_CONVERSION = YES_AGGRESSIVE;
				CLANG_CXX_LANGUAGE_STANDARD = "gnu++14";
				CLANG_CXX_LIBRARY = "libc++";
				CLANG_ENABLE_MODULES = YES;
				CLANG_ENABLE_OBJC_ARC = YES;
				CLANG_ENABLE_OBJC_WEAK = YES;
				CLANG_WARN_BLOCK_CAPTURE_AUTORELEASING = YES;
				CLANG_WARN_BOOL_CONVERSION = YES;
				CLANG_WARN_COMMA = YES;
				CLANG_WARN_CONSTANT_CONVERSION = YES;
				CLANG_WARN_DEPRECATED_OBJC_IMPLEMENTATIONS = YES;
				CLANG_WARN_DIRECT_OBJC_ISA_USAGE = YES_ERROR;
				CLANG_WARN_DOCUMENTATION_COMMENTS = YES;
				CLANG_WARN_EMPTY_BODY = YES;
				CLANG_WARN_ENUM_CONVERSION = YES;
				CLANG_WARN_INFINITE_RECURSION = YES;
				CLANG_WARN_INT_CONVERSION = YES;
				CLANG_WARN_NON_LITERAL_NULL_CONVERSION = YES;
				CLANG_WARN_OBJC_IMPLICIT_RETAIN_SELF = YES;
				CLANG_WARN_OBJC_LITERAL_CONVERSION = YES;
				CLANG_WARN_OBJC_ROOT_CLASS = YES_ERROR;
				CLANG_WARN_QUOTED_INCLUDE_IN_FRAMEWORK_HEADER = YES;
				CLANG_WARN_RANGE_LOOP_ANALYSIS = YES;
				CLANG_WARN_STRICT_PROTOTYPES = YES;
				CLANG_WARN_SUSPICIOUS_MOVE = YES;
				CLANG_WARN_UNGUARDED_AVAILABILITY = YES_AGGRESSIVE;
				CLANG_WARN_UNREACHABLE_CODE = YES;
				CLANG_WARN__DUPLICATE_METHOD_MATCH = YES;
				COPY_PHASE_STRIP = NO;
				DEBUG_INFORMATION_FORMAT = "dwarf-with-dsym";
				ENABLE_NS_ASSERTIONS = NO;
				ENABLE_STRICT_OBJC_MSGSEND = YES;
				GCC_C_LANGUAGE_STANDARD = gnu11;
				GCC_NO_COMMON_BLOCKS = YES;
				GCC_WARN_64_TO_32_BIT_CONVERSION = YES;
				GCC_WARN_ABOUT_RETURN_TYPE = YES_ERROR;
				GCC_WARN_UNDECLARED_SELECTOR = YES;
				GCC_WARN_UNINITIALIZED_AUTOS = YES_AGGRESSIVE;
				GCC_WARN_UNUSED_FUNCTION = YES;
				GCC_WARN_UNUSED_VARIABLE = YES;
				MTL_ENABLE_DEBUG_INFO = NO;
				MTL_FAST_MATH = YES;
				SWIFT_COMPILATION_MODE = wholemodule;
				SWIFT_OPTIMIZATION_LEVEL = "-O";
			};
			name = Release;
		};
		18D26C5626045D3900719830 /* Debug */ = {
			isa = XCBuildConfiguration;
			buildSettings = {
				ASSETCATALOG_COMPILER_APPICON_NAME = AppIcon;
				ASSETCATALOG_COMPILER_GLOBAL_ACCENT_COLOR_NAME = AccentColor;
				CODE_SIGN_STYLE = Automatic;
				DEVELOPMENT_TEAM = 3X8B9U2FPU;
				ENABLE_PREVIEWS = YES;
				INFOPLIST_FILE = iOS/Info.plist;
				IPHONEOS_DEPLOYMENT_TARGET = 14.0;
				LD_RUNPATH_SEARCH_PATHS = (
					"$(inherited)",
					"@executable_path/Frameworks",
				);
				PRODUCT_BUNDLE_IDENTIFIER = "WadeBelden.Word-Scramble";
				PRODUCT_NAME = "Word Scramble";
				SDKROOT = iphoneos;
				SWIFT_VERSION = 5.0;
				TARGETED_DEVICE_FAMILY = "1,2";
			};
			name = Debug;
		};
		18D26C5726045D3900719830 /* Release */ = {
			isa = XCBuildConfiguration;
			buildSettings = {
				ASSETCATALOG_COMPILER_APPICON_NAME = AppIcon;
				ASSETCATALOG_COMPILER_GLOBAL_ACCENT_COLOR_NAME = AccentColor;
				CODE_SIGN_STYLE = Automatic;
				DEVELOPMENT_TEAM = 3X8B9U2FPU;
				ENABLE_PREVIEWS = YES;
				INFOPLIST_FILE = iOS/Info.plist;
				IPHONEOS_DEPLOYMENT_TARGET = 14.0;
				LD_RUNPATH_SEARCH_PATHS = (
					"$(inherited)",
					"@executable_path/Frameworks",
				);
				PRODUCT_BUNDLE_IDENTIFIER = "WadeBelden.Word-Scramble";
				PRODUCT_NAME = "Word Scramble";
				SDKROOT = iphoneos;
				SWIFT_VERSION = 5.0;
				TARGETED_DEVICE_FAMILY = "1,2";
				VALIDATE_PRODUCT = YES;
			};
			name = Release;
		};
		18D26C5926045D3900719830 /* Debug */ = {
			isa = XCBuildConfiguration;
			buildSettings = {
				ASSETCATALOG_COMPILER_APPICON_NAME = AppIcon;
				ASSETCATALOG_COMPILER_GLOBAL_ACCENT_COLOR_NAME = AccentColor;
				CODE_SIGN_ENTITLEMENTS = macOS/macOS.entitlements;
				CODE_SIGN_STYLE = Automatic;
				COMBINE_HIDPI_IMAGES = YES;
				DEVELOPMENT_TEAM = 3X8B9U2FPU;
				ENABLE_HARDENED_RUNTIME = YES;
				ENABLE_PREVIEWS = YES;
				INFOPLIST_FILE = macOS/Info.plist;
				LD_RUNPATH_SEARCH_PATHS = (
					"$(inherited)",
					"@executable_path/../Frameworks",
				);
				MACOSX_DEPLOYMENT_TARGET = 11.0;
				PRODUCT_BUNDLE_IDENTIFIER = "WadeBelden.Word-Scramble";
				PRODUCT_NAME = "Word Scramble";
				SDKROOT = macosx;
				SWIFT_VERSION = 5.0;
			};
			name = Debug;
		};
		18D26C5A26045D3900719830 /* Release */ = {
			isa = XCBuildConfiguration;
			buildSettings = {
				ASSETCATALOG_COMPILER_APPICON_NAME = AppIcon;
				ASSETCATALOG_COMPILER_GLOBAL_ACCENT_COLOR_NAME = AccentColor;
				CODE_SIGN_ENTITLEMENTS = macOS/macOS.entitlements;
				CODE_SIGN_STYLE = Automatic;
				COMBINE_HIDPI_IMAGES = YES;
				DEVELOPMENT_TEAM = 3X8B9U2FPU;
				ENABLE_HARDENED_RUNTIME = YES;
				ENABLE_PREVIEWS = YES;
				INFOPLIST_FILE = macOS/Info.plist;
				LD_RUNPATH_SEARCH_PATHS = (
					"$(inherited)",
					"@executable_path/../Frameworks",
				);
				MACOSX_DEPLOYMENT_TARGET = 11.0;
				PRODUCT_BUNDLE_IDENTIFIER = "WadeBelden.Word-Scramble";
				PRODUCT_NAME = "Word Scramble";
				SDKROOT = macosx;
				SWIFT_VERSION = 5.0;
			};
			name = Release;
		};
		18D26C5C26045D3900719830 /* Debug */ = {
			isa = XCBuildConfiguration;
			buildSettings = {
				ALWAYS_EMBED_SWIFT_STANDARD_LIBRARIES = YES;
				CODE_SIGN_STYLE = Automatic;
				DEVELOPMENT_TEAM = 3X8B9U2FPU;
				INFOPLIST_FILE = "Tests iOS/Info.plist";
				IPHONEOS_DEPLOYMENT_TARGET = 14.4;
				LD_RUNPATH_SEARCH_PATHS = (
					"$(inherited)",
					"@executable_path/Frameworks",
					"@loader_path/Frameworks",
				);
				PRODUCT_BUNDLE_IDENTIFIER = "WadeBelden.Tests-iOS";
				PRODUCT_NAME = "$(TARGET_NAME)";
				SDKROOT = iphoneos;
				SWIFT_VERSION = 5.0;
				TARGETED_DEVICE_FAMILY = "1,2";
				TEST_TARGET_NAME = "Word Scramble (iOS)";
			};
			name = Debug;
		};
		18D26C5D26045D3900719830 /* Release */ = {
			isa = XCBuildConfiguration;
			buildSettings = {
				ALWAYS_EMBED_SWIFT_STANDARD_LIBRARIES = YES;
				CODE_SIGN_STYLE = Automatic;
				DEVELOPMENT_TEAM = 3X8B9U2FPU;
				INFOPLIST_FILE = "Tests iOS/Info.plist";
				IPHONEOS_DEPLOYMENT_TARGET = 14.4;
				LD_RUNPATH_SEARCH_PATHS = (
					"$(inherited)",
					"@executable_path/Frameworks",
					"@loader_path/Frameworks",
				);
				PRODUCT_BUNDLE_IDENTIFIER = "WadeBelden.Tests-iOS";
				PRODUCT_NAME = "$(TARGET_NAME)";
				SDKROOT = iphoneos;
				SWIFT_VERSION = 5.0;
				TARGETED_DEVICE_FAMILY = "1,2";
				TEST_TARGET_NAME = "Word Scramble (iOS)";
				VALIDATE_PRODUCT = YES;
			};
			name = Release;
		};
		18D26C5F26045D3900719830 /* Debug */ = {
			isa = XCBuildConfiguration;
			buildSettings = {
				ALWAYS_EMBED_SWIFT_STANDARD_LIBRARIES = YES;
				CODE_SIGN_STYLE = Automatic;
				COMBINE_HIDPI_IMAGES = YES;
				DEVELOPMENT_TEAM = 3X8B9U2FPU;
				INFOPLIST_FILE = "Tests macOS/Info.plist";
				LD_RUNPATH_SEARCH_PATHS = (
					"$(inherited)",
					"@executable_path/../Frameworks",
					"@loader_path/../Frameworks",
				);
				MACOSX_DEPLOYMENT_TARGET = 11.1;
				PRODUCT_BUNDLE_IDENTIFIER = "WadeBelden.Tests-macOS";
				PRODUCT_NAME = "$(TARGET_NAME)";
				SDKROOT = macosx;
				SWIFT_VERSION = 5.0;
				TEST_TARGET_NAME = "Word Scramble (macOS)";
			};
			name = Debug;
		};
		18D26C6026045D3900719830 /* Release */ = {
			isa = XCBuildConfiguration;
			buildSettings = {
				ALWAYS_EMBED_SWIFT_STANDARD_LIBRARIES = YES;
				CODE_SIGN_STYLE = Automatic;
				COMBINE_HIDPI_IMAGES = YES;
				DEVELOPMENT_TEAM = 3X8B9U2FPU;
				INFOPLIST_FILE = "Tests macOS/Info.plist";
				LD_RUNPATH_SEARCH_PATHS = (
					"$(inherited)",
					"@executable_path/../Frameworks",
					"@loader_path/../Frameworks",
				);
				MACOSX_DEPLOYMENT_TARGET = 11.1;
				PRODUCT_BUNDLE_IDENTIFIER = "WadeBelden.Tests-macOS";
				PRODUCT_NAME = "$(TARGET_NAME)";
				SDKROOT = macosx;
				SWIFT_VERSION = 5.0;
				TEST_TARGET_NAME = "Word Scramble (macOS)";
			};
			name = Release;
		};
/* End XCBuildConfiguration section */

/* Begin XCConfigurationList section */
		18D26C2226045D3800719830 /* Build configuration list for PBXProject "Word Scramble" */ = {
			isa = XCConfigurationList;
			buildConfigurations = (
				18D26C5326045D3900719830 /* Debug */,
				18D26C5426045D3900719830 /* Release */,
			);
			defaultConfigurationIsVisible = 0;
			defaultConfigurationName = Release;
		};
		18D26C5526045D3900719830 /* Build configuration list for PBXNativeTarget "Word Scramble (iOS)" */ = {
			isa = XCConfigurationList;
			buildConfigurations = (
				18D26C5626045D3900719830 /* Debug */,
				18D26C5726045D3900719830 /* Release */,
			);
			defaultConfigurationIsVisible = 0;
			defaultConfigurationName = Release;
		};
		18D26C5826045D3900719830 /* Build configuration list for PBXNativeTarget "Word Scramble (macOS)" */ = {
			isa = XCConfigurationList;
			buildConfigurations = (
				18D26C5926045D3900719830 /* Debug */,
				18D26C5A26045D3900719830 /* Release */,
			);
			defaultConfigurationIsVisible = 0;
			defaultConfigurationName = Release;
		};
		18D26C5B26045D3900719830 /* Build configuration list for PBXNativeTarget "Tests iOS" */ = {
			isa = XCConfigurationList;
			buildConfigurations = (
				18D26C5C26045D3900719830 /* Debug */,
				18D26C5D26045D3900719830 /* Release */,
			);
			defaultConfigurationIsVisible = 0;
			defaultConfigurationName = Release;
		};
		18D26C5E26045D3900719830 /* Build configuration list for PBXNativeTarget "Tests macOS" */ = {
			isa = XCConfigurationList;
			buildConfigurations = (
				18D26C5F26045D3900719830 /* Debug */,
				18D26C6026045D3900719830 /* Release */,
			);
			defaultConfigurationIsVisible = 0;
			defaultConfigurationName = Release;
		};
/* End XCConfigurationList section */
	};
	rootObject = 18D26C1F26045D3800719830 /* Project object */;
}
